
Microsoft Visual Studio Solution File, Format Version 12.00
# Visual Studio Version 17
VisualStudioVersion = 17.4.33110.190
MinimumVisualStudioVersion = 10.0.40219.1
Project("{888888A0-9F3D-457C-B088-3A5042F75D52}") = "While dongusu", "While dongusu\While dongusu.pyproj", "{2C930922-659B-4FB2-A4DD-0B45861490FD}"
EndProject
Global
	GlobalSection(SolutionConfigurationPlatforms) = preSolution
		Debug|Any CPU = Debug|Any CPU
		Release|Any CPU = Release|Any CPU
	EndGlobalSection
	GlobalSection(ProjectConfigurationPlatforms) = postSolution
		{2C930922-659B-4FB2-A4DD-0B45861490FD}.Debug|Any CPU.ActiveCfg = Debug|Any CPU
		{2C930922-659B-4FB2-A4DD-0B45861490FD}.Release|Any CPU.ActiveCfg = Release|Any CPU
	EndGlobalSection
	GlobalSection(SolutionProperties) = preSolution
		HideSolutionNode = FALSE
	EndGlobalSection
	GlobalSection(ExtensibilityGlobals) = postSolution
		SolutionGuid = {C0EC5B4C-E7C1-43A2-BC94-55CF45F4D4BC}
	EndGlobalSection
EndGlobal
