
Microsoft Visual Studio Solution File, Format Version 12.00
# Visual Studio Version 17
VisualStudioVersion = 17.4.33110.190
MinimumVisualStudioVersion = 10.0.40219.1
Project("{888888A0-9F3D-457C-B088-3A5042F75D52}") = "tipler float bool string int", "tipler float bool string int\tipler float bool string int.pyproj", "{70BFFFC9-E110-40F0-923D-A57B47341FDF}"
EndProject
Global
	GlobalSection(SolutionConfigurationPlatforms) = preSolution
		Debug|Any CPU = Debug|Any CPU
		Release|Any CPU = Release|Any CPU
	EndGlobalSection
	GlobalSection(ProjectConfigurationPlatforms) = postSolution
		{70BFFFC9-E110-40F0-923D-A57B47341FDF}.Debug|Any CPU.ActiveCfg = Debug|Any CPU
		{70BFFFC9-E110-40F0-923D-A57B47341FDF}.Release|Any CPU.ActiveCfg = Release|Any CPU
	EndGlobalSection
	GlobalSection(SolutionProperties) = preSolution
		HideSolutionNode = FALSE
	EndGlobalSection
	GlobalSection(ExtensibilityGlobals) = postSolution
		SolutionGuid = {ACDEE03F-2A22-4646-B887-54A28C14BCB8}
	EndGlobalSection
EndGlobal
